
Microsoft Visual Studio Solution File, Format Version 12.00
# Visual Studio Version 17
VisualStudioVersion = 17.3.32825.248
MinimumVisualStudioVersion = 10.0.40219.1
Project("{FAE04EC0-301F-11D3-BF4B-00C04F79EFBC}") = "SzybkaApka", "SzybkaApka\SzybkaApka.csproj", "{8AC1F041-0073-4E6D-8997-77707C95BE21}"
EndProject
Global
	GlobalSection(SolutionConfigurationPlatforms) = preSolution
		Debug|Any CPU = Debug|Any CPU
		Release|Any CPU = Release|Any CPU
	EndGlobalSection
	GlobalSection(ProjectConfigurationPlatforms) = postSolution
		{8AC1F041-0073-4E6D-8997-77707C95BE21}.Debug|Any CPU.ActiveCfg = Debug|Any CPU
		{8AC1F041-0073-4E6D-8997-77707C95BE21}.Debug|Any CPU.Build.0 = Debug|Any CPU
		{8AC1F041-0073-4E6D-8997-77707C95BE21}.Release|Any CPU.ActiveCfg = Release|Any CPU
		{8AC1F041-0073-4E6D-8997-77707C95BE21}.Release|Any CPU.Build.0 = Release|Any CPU
	EndGlobalSection
	GlobalSection(SolutionProperties) = preSolution
		HideSolutionNode = FALSE
	EndGlobalSection
	GlobalSection(ExtensibilityGlobals) = postSolution
		SolutionGuid = {F1F20946-3376-4802-8499-8EEA653028FB}
	EndGlobalSection
EndGlobal
